
Microsoft Visual Studio Solution File, Format Version 12.00
# Visual Studio Version 16
VisualStudioVersion = 16.0.32630.194
MinimumVisualStudioVersion = 10.0.40219.1
Project("{9A19103F-16F7-4668-BE54-9A1E7A4F7556}") = "HotelBookingSystem-Azure", "HotelBookingSystem-Azure\HotelBookingSystem-Azure.csproj", "{A181532A-8047-43CA-9589-90B8BD45861F}"
EndProject
Project("{151D2E53-A2C4-4D7D-83FE-D05416EBD58E}") = "ServiceBus.Queue", "ServiceBus.Queue\ServiceBus.Queue.deployproj", "{FEBA218F-0FA8-4EFF-A145-294B5B320A05}"
EndProject
Project("{151D2E53-A2C4-4D7D-83FE-D05416EBD58E}") = "SendEmailAlert", "SendEmailAlert\SendEmailAlert.deployproj", "{BE870111-5C32-4634-A61B-DF01E3031BBA}"
EndProject
Project("{FAE04EC0-301F-11D3-BF4B-00C04F79EFBC}") = "ValidateLogin", "ValidateLogin\ValidateLogin.csproj", "{BC05A206-FC23-4288-BC9D-40BF5EBA0705}"
EndProject
Global
	GlobalSection(SolutionConfigurationPlatforms) = preSolution
		Debug|Any CPU = Debug|Any CPU
		Release|Any CPU = Release|Any CPU
	EndGlobalSection
	GlobalSection(ProjectConfigurationPlatforms) = postSolution
		{A181532A-8047-43CA-9589-90B8BD45861F}.Debug|Any CPU.ActiveCfg = Debug|Any CPU
		{A181532A-8047-43CA-9589-90B8BD45861F}.Debug|Any CPU.Build.0 = Debug|Any CPU
		{A181532A-8047-43CA-9589-90B8BD45861F}.Release|Any CPU.ActiveCfg = Release|Any CPU
		{A181532A-8047-43CA-9589-90B8BD45861F}.Release|Any CPU.Build.0 = Release|Any CPU
		{FEBA218F-0FA8-4EFF-A145-294B5B320A05}.Debug|Any CPU.ActiveCfg = Debug|Any CPU
		{FEBA218F-0FA8-4EFF-A145-294B5B320A05}.Debug|Any CPU.Build.0 = Debug|Any CPU
		{FEBA218F-0FA8-4EFF-A145-294B5B320A05}.Release|Any CPU.ActiveCfg = Release|Any CPU
		{FEBA218F-0FA8-4EFF-A145-294B5B320A05}.Release|Any CPU.Build.0 = Release|Any CPU
		{BE870111-5C32-4634-A61B-DF01E3031BBA}.Debug|Any CPU.ActiveCfg = Debug|Any CPU
		{BE870111-5C32-4634-A61B-DF01E3031BBA}.Debug|Any CPU.Build.0 = Debug|Any CPU
		{BE870111-5C32-4634-A61B-DF01E3031BBA}.Release|Any CPU.ActiveCfg = Release|Any CPU
		{BE870111-5C32-4634-A61B-DF01E3031BBA}.Release|Any CPU.Build.0 = Release|Any CPU
		{BC05A206-FC23-4288-BC9D-40BF5EBA0705}.Debug|Any CPU.ActiveCfg = Debug|Any CPU
		{BC05A206-FC23-4288-BC9D-40BF5EBA0705}.Debug|Any CPU.Build.0 = Debug|Any CPU
		{BC05A206-FC23-4288-BC9D-40BF5EBA0705}.Release|Any CPU.ActiveCfg = Release|Any CPU
		{BC05A206-FC23-4288-BC9D-40BF5EBA0705}.Release|Any CPU.Build.0 = Release|Any CPU
	EndGlobalSection
	GlobalSection(SolutionProperties) = preSolution
		HideSolutionNode = FALSE
	EndGlobalSection
	GlobalSection(ExtensibilityGlobals) = postSolution
		SolutionGuid = {4243A8E7-FDFC-4C5D-A2C8-5EA139640E63}
	EndGlobalSection
EndGlobal
